// !$*UTF8*$!
{
	archiveVersion = 1;
	classes = {
	};
	objectVersion = 50;
	objects = {

/* Begin PBXBuildFile section */
		9FC174632085D08D00B82B54 /* AppDelegate.swift in Sources */ = {isa = PBXBuildFile; fileRef = 9FC174622085D08D00B82B54 /* AppDelegate.swift */; };
		9FC174652085D08D00B82B54 /* ViewController.swift in Sources */ = {isa = PBXBuildFile; fileRef = 9FC174642085D08D00B82B54 /* ViewController.swift */; };
		9FC174682085D08D00B82B54 /* Main.storyboard in Resources */ = {isa = PBXBuildFile; fileRef = 9FC174662085D08D00B82B54 /* Main.storyboard */; };
		9FC1746B2085D08D00B82B54 /* Adptive_Layout.xcdatamodeld in Sources */ = {isa = PBXBuildFile; fileRef = 9FC174692085D08D00B82B54 /* Adptive_Layout.xcdatamodeld */; };
		9FC1746D2085D08F00B82B54 /* Assets.xcassets in Resources */ = {isa = PBXBuildFile; fileRef = 9FC1746C2085D08F00B82B54 /* Assets.xcassets */; };
		9FC174702085D08F00B82B54 /* LaunchScreen.storyboard in Resources */ = {isa = PBXBuildFile; fileRef = 9FC1746E2085D08F00B82B54 /* LaunchScreen.storyboard */; };
		9FC1747B2085D08F00B82B54 /* Adptive_LayoutTests.swift in Sources */ = {isa = PBXBuildFile; fileRef = 9FC1747A2085D08F00B82B54 /* Adptive_LayoutTests.swift */; };
		9FC174862085D09000B82B54 /* Adptive_LayoutUITests.swift in Sources */ = {isa = PBXBuildFile; fileRef = 9FC174852085D09000B82B54 /* Adptive_LayoutUITests.swift */; };
/* End PBXBuildFile section */

/* Begin PBXContainerItemProxy section */
		9FC174772085D08F00B82B54 /* PBXContainerItemProxy */ = {
			isa = PBXContainerItemProxy;
			containerPortal = 9FC174572085D08D00B82B54 /* Project object */;
			proxyType = 1;
			remoteGlobalIDString = 9FC1745E2085D08D00B82B54;
			remoteInfo = "Adptive Layout";
		};
		9FC174822085D09000B82B54 /* PBXContainerItemProxy */ = {
			isa = PBXContainerItemProxy;
			containerPortal = 9FC174572085D08D00B82B54 /* Project object */;
			proxyType = 1;
			remoteGlobalIDString = 9FC1745E2085D08D00B82B54;
			remoteInfo = "Adptive Layout";
		};
/* End PBXContainerItemProxy section */

/* Begin PBXFileReference section */
		9FC1745F2085D08D00B82B54 /* Adptive Layout.app */ = {isa = PBXFileReference; explicitFileType = wrapper.application; includeInIndex = 0; path = "Adptive Layout.app"; sourceTree = BUILT_PRODUCTS_DIR; };
		9FC174622085D08D00B82B54 /* AppDelegate.swift */ = {isa = PBXFileReference; lastKnownFileType = sourcecode.swift; path = AppDelegate.swift; sourceTree = "<group>"; };
		9FC174642085D08D00B82B54 /* ViewController.swift */ = {isa = PBXFileReference; lastKnownFileType = sourcecode.swift; path = ViewController.swift; sourceTree = "<group>"; };
		9FC174672085D08D00B82B54 /* Base */ = {isa = PBXFileReference; lastKnownFileType = file.storyboard; name = Base; path = Base.lproj/Main.storyboard; sourceTree = "<group>"; };
		9FC1746A2085D08D00B82B54 /* Adptive_Layout.xcdatamodel */ = {isa = PBXFileReference; lastKnownFileType = wrapper.xcdatamodel; path = Adptive_Layout.xcdatamodel; sourceTree = "<group>"; };
		9FC1746C2085D08F00B82B54 /* Assets.xcassets */ = {isa = PBXFileReference; lastKnownFileType = folder.assetcatalog; path = Assets.xcassets; sourceTree = "<group>"; };
		9FC1746F2085D08F00B82B54 /* Base */ = {isa = PBXFileReference; lastKnownFileType = file.storyboard; name = Base; path = Base.lproj/LaunchScreen.storyboard; sourceTree = "<group>"; };
		9FC174712085D08F00B82B54 /* Info.plist */ = {isa = PBXFileReference; lastKnownFileType = text.plist.xml; path = Info.plist; sourceTree = "<group>"; };
		9FC174762085D08F00B82B54 /* Adptive LayoutTests.xctest */ = {isa = PBXFileReference; explicitFileType = wrapper.cfbundle; includeInIndex = 0; path = "Adptive LayoutTests.xctest"; sourceTree = BUILT_PRODUCTS_DIR; };
		9FC1747A2085D08F00B82B54 /* Adptive_LayoutTests.swift */ = {isa = PBXFileReference; lastKnownFileType = sourcecode.swift; path = Adptive_LayoutTests.swift; sourceTree = "<group>"; };
		9FC1747C2085D08F00B82B54 /* Info.plist */ = {isa = PBXFileReference; lastKnownFileType = text.plist.xml; path = Info.plist; sourceTree = "<group>"; };
		9FC174812085D09000B82B54 /* Adptive LayoutUITests.xctest */ = {isa = PBXFileReference; explicitFileType = wrapper.cfbundle; includeInIndex = 0; path = "Adptive LayoutUITests.xctest"; sourceTree = BUILT_PRODUCTS_DIR; };
		9FC174852085D09000B82B54 /* Adptive_LayoutUITests.swift */ = {isa = PBXFileReference; lastKnownFileType = sourcecode.swift; path = Adptive_LayoutUITests.swift; sourceTree = "<group>"; };
		9FC174872085D09000B82B54 /* Info.plist */ = {isa = PBXFileReference; lastKnownFileType = text.plist.xml; path = Info.plist; sourceTree = "<group>"; };
/* End PBXFileReference section */

/* Begin PBXFrameworksBuildPhase section */
		9FC1745C2085D08D00B82B54 /* Frameworks */ = {
			isa = PBXFrameworksBuildPhase;
			buildActionMask = 2147483647;
			files = (
			);
			runOnlyForDeploymentPostprocessing = 0;
		};
		9FC174732085D08F00B82B54 /* Frameworks */ = {
			isa = PBXFrameworksBuildPhase;
			buildActionMask = 2147483647;
			files = (
			);
			runOnlyForDeploymentPostprocessing = 0;
		};
		9FC1747E2085D09000B82B54 /* Frameworks */ = {
			isa = PBXFrameworksBuildPhase;
			buildActionMask = 2147483647;
			files = (
			);
			runOnlyForDeploymentPostprocessing = 0;
		};
/* End PBXFrameworksBuildPhase section */

/* Begin PBXGroup section */
		9FC174562085D08D00B82B54 = {
			isa = PBXGroup;
			children = (
				9FC174612085D08D00B82B54 /* Adptive Layout */,
				9FC174792085D08F00B82B54 /* Adptive LayoutTests */,
				9FC174842085D09000B82B54 /* Adptive LayoutUITests */,
				9FC174602085D08D00B82B54 /* Products */,
			);
			sourceTree = "<group>";
		};
		9FC174602085D08D00B82B54 /* Products */ = {
			isa = PBXGroup;
			children = (
				9FC1745F2085D08D00B82B54 /* Adptive Layout.app */,
				9FC174762085D08F00B82B54 /* Adptive LayoutTests.xctest */,
				9FC174812085D09000B82B54 /* Adptive LayoutUITests.xctest */,
			);
			name = Products;
			sourceTree = "<group>";
		};
		9FC174612085D08D00B82B54 /* Adptive Layout */ = {
			isa = PBXGroup;
			children = (
				9FC174622085D08D00B82B54 /* AppDelegate.swift */,
				9FC174642085D08D00B82B54 /* ViewController.swift */,
				9FC174662085D08D00B82B54 /* Main.storyboard */,
				9FC1746C2085D08F00B82B54 /* Assets.xcassets */,
				9FC1746E2085D08F00B82B54 /* LaunchScreen.storyboard */,
				9FC174712085D08F00B82B54 /* Info.plist */,
				9FC174692085D08D00B82B54 /* Adptive_Layout.xcdatamodeld */,
			);
			path = "Adptive Layout";
			sourceTree = "<group>";
		};
		9FC174792085D08F00B82B54 /* Adptive LayoutTests */ = {
			isa = PBXGroup;
			children = (
				9FC1747A2085D08F00B82B54 /* Adptive_LayoutTests.swift */,
				9FC1747C2085D08F00B82B54 /* Info.plist */,
			);
			path = "Adptive LayoutTests";
			sourceTree = "<group>";
		};
		9FC174842085D09000B82B54 /* Adptive LayoutUITests */ = {
			isa = PBXGroup;
			children = (
				9FC174852085D09000B82B54 /* Adptive_LayoutUITests.swift */,
				9FC174872085D09000B82B54 /* Info.plist */,
			);
			path = "Adptive LayoutUITests";
			sourceTree = "<group>";
		};
/* End PBXGroup section */

/* Begin PBXNativeTarget section */
		9FC1745E2085D08D00B82B54 /* Adptive Layout */ = {
			isa = PBXNativeTarget;
			buildConfigurationList = 9FC1748A2085D09000B82B54 /* Build configuration list for PBXNativeTarget "Adptive Layout" */;
			buildPhases = (
				9FC1745B2085D08D00B82B54 /* Sources */,
				9FC1745C2085D08D00B82B54 /* Frameworks */,
				9FC1745D2085D08D00B82B54 /* Resources */,
			);
			buildRules = (
			);
			dependencies = (
			);
			name = "Adptive Layout";
			productName = "Adptive Layout";
			productReference = 9FC1745F2085D08D00B82B54 /* Adptive Layout.app */;
			productType = "com.apple.product-type.application";
		};
		9FC174752085D08F00B82B54 /* Adptive LayoutTests */ = {
			isa = PBXNativeTarget;
			buildConfigurationList = 9FC1748D2085D09000B82B54 /* Build configuration list for PBXNativeTarget "Adptive LayoutTests" */;
			buildPhases = (
				9FC174722085D08F00B82B54 /* Sources */,
				9FC174732085D08F00B82B54 /* Frameworks */,
				9FC174742085D08F00B82B54 /* Resources */,
			);
			buildRules = (
			);
			dependencies = (
				9FC174782085D08F00B82B54 /* PBXTargetDependency */,
			);
			name = "Adptive LayoutTests";
			productName = "Adptive LayoutTests";
			productReference = 9FC174762085D08F00B82B54 /* Adptive LayoutTests.xctest */;
			productType = "com.apple.product-type.bundle.unit-test";
		};
		9FC174802085D09000B82B54 /* Adptive LayoutUITests */ = {
			isa = PBXNativeTarget;
			buildConfigurationList = 9FC174902085D09000B82B54 /* Build configuration list for PBXNativeTarget "Adptive LayoutUITests" */;
			buildPhases = (
				9FC1747D2085D09000B82B54 /* Sources */,
				9FC1747E2085D09000B82B54 /* Frameworks */,
				9FC1747F2085D09000B82B54 /* Resources */,
			);
			buildRules = (
			);
			dependencies = (
				9FC174832085D09000B82B54 /* PBXTargetDependency */,
			);
			name = "Adptive LayoutUITests";
			productName = "Adptive LayoutUITests";
			productReference = 9FC174812085D09000B82B54 /* Adptive LayoutUITests.xctest */;
			productType = "com.apple.product-type.bundle.ui-testing";
		};
/* End PBXNativeTarget section */

/* Begin PBXProject section */
		9FC174572085D08D00B82B54 /* Project object */ = {
			isa = PBXProject;
			attributes = {
				LastSwiftUpdateCheck = 0930;
				LastUpgradeCheck = 0930;
				ORGANIZATIONNAME = WOS;
				TargetAttributes = {
					9FC1745E2085D08D00B82B54 = {
						CreatedOnToolsVersion = 9.3;
					};
					9FC174752085D08F00B82B54 = {
						CreatedOnToolsVersion = 9.3;
						TestTargetID = 9FC1745E2085D08D00B82B54;
					};
					9FC174802085D09000B82B54 = {
						CreatedOnToolsVersion = 9.3;
						TestTargetID = 9FC1745E2085D08D00B82B54;
					};
				};
			};
			buildConfigurationList = 9FC1745A2085D08D00B82B54 /* Build configuration list for PBXProject "Adptive Layout" */;
			compatibilityVersion = "Xcode 9.3";
			developmentRegion = en;
			hasScannedForEncodings = 0;
			knownRegions = (
				en,
				Base,
			);
			mainGroup = 9FC174562085D08D00B82B54;
			productRefGroup = 9FC174602085D08D00B82B54 /* Products */;
			projectDirPath = "";
			projectRoot = "";
			targets = (
				9FC1745E2085D08D00B82B54 /* Adptive Layout */,
				9FC174752085D08F00B82B54 /* Adptive LayoutTests */,
				9FC174802085D09000B82B54 /* Adptive LayoutUITests */,
			);
		};
/* End PBXProject section */

/* Begin PBXResourcesBuildPhase section */
		9FC1745D2085D08D00B82B54 /* Resources */ = {
			isa = PBXResourcesBuildPhase;
			buildActionMask = 2147483647;
			files = (
				9FC174702085D08F00B82B54 /* LaunchScreen.storyboard in Resources */,
				9FC1746D2085D08F00B82B54 /* Assets.xcassets in Resources */,
				9FC174682085D08D00B82B54 /* Main.storyboard in Resources */,
			);
			runOnlyForDeploymentPostprocessing = 0;
		};
		9FC174742085D08F00B82B54 /* Resources */ = {
			isa = PBXResourcesBuildPhase;
			buildActionMask = 2147483647;
			files = (
			);
			runOnlyForDeploymentPostprocessing = 0;
		};
		9FC1747F2085D09000B82B54 /* Resources */ = {
			isa = PBXResourcesBuildPhase;
			buildActionMask = 2147483647;
			files = (
			);
			runOnlyForDeploymentPostprocessing = 0;
		};
/* End PBXResourcesBuildPhase section */

/* Begin PBXSourcesBuildPhase section */
		9FC1745B2085D08D00B82B54 /* Sources */ = {
			isa = PBXSourcesBuildPhase;
			buildActionMask = 2147483647;
			files = (
				9FC1746B2085D08D00B82B54 /* Adptive_Layout.xcdatamodeld in Sources */,
				9FC174652085D08D00B82B54 /* ViewController.swift in Sources */,
				9FC174632085D08D00B82B54 /* AppDelegate.swift in Sources */,
			);
			runOnlyForDeploymentPostprocessing = 0;
		};
		9FC174722085D08F00B82B54 /* Sources */ = {
			isa = PBXSourcesBuildPhase;
			buildActionMask = 2147483647;
			files = (
				9FC1747B2085D08F00B82B54 /* Adptive_LayoutTests.swift in Sources */,
			);
			runOnlyForDeploymentPostprocessing = 0;
		};
		9FC1747D2085D09000B82B54 /* Sources */ = {
			isa = PBXSourcesBuildPhase;
			buildActionMask = 2147483647;
			files = (
				9FC174862085D09000B82B54 /* Adptive_LayoutUITests.swift in Sources */,
			);
			runOnlyForDeploymentPostprocessing = 0;
		};
/* End PBXSourcesBuildPhase section */

/* Begin PBXTargetDependency section */
		9FC174782085D08F00B82B54 /* PBXTargetDependency */ = {
			isa = PBXTargetDependency;
			target = 9FC1745E2085D08D00B82B54 /* Adptive Layout */;
			targetProxy = 9FC174772085D08F00B82B54 /* PBXContainerItemProxy */;
		};
		9FC174832085D09000B82B54 /* PBXTargetDependency */ = {
			isa = PBXTargetDependency;
			target = 9FC1745E2085D08D00B82B54 /* Adptive Layout */;
			targetProxy = 9FC174822085D09000B82B54 /* PBXContainerItemProxy */;
		};
/* End PBXTargetDependency section */

/* Begin PBXVariantGroup section */
		9FC174662085D08D00B82B54 /* Main.storyboard */ = {
			isa = PBXVariantGroup;
			children = (
				9FC174672085D08D00B82B54 /* Base */,
			);
			name = Main.storyboard;
			sourceTree = "<group>";
		};
		9FC1746E2085D08F00B82B54 /* LaunchScreen.storyboard */ = {
			isa = PBXVariantGroup;
			children = (
				9FC1746F2085D08F00B82B54 /* Base */,
			);
			name = LaunchScreen.storyboard;
			sourceTree = "<group>";
		};
/* End PBXVariantGroup section */

/* Begin XCBuildConfiguration section */
		9FC174882085D09000B82B54 /* Debug */ = {
			isa = XCBuildConfiguration;
			buildSettings = {
				ALWAYS_SEARCH_USER_PATHS = NO;
				CLANG_ANALYZER_NONNULL = YES;
				CLANG_ANALYZER_NUMBER_OBJECT_CONVERSION = YES_AGGRESSIVE;
				CLANG_CXX_LANGUAGE_STANDARD = "gnu++14";
				CLANG_CXX_LIBRARY = "libc++";
				CLANG_ENABLE_MODULES = YES;
				CLANG_ENABLE_OBJC_ARC = YES;
				CLANG_ENABLE_OBJC_WEAK = YES;
				CLANG_WARN_BLOCK_CAPTURE_AUTORELEASING = YES;
				CLANG_WARN_BOOL_CONVERSION = YES;
				CLANG_WARN_COMMA = YES;
				CLANG_WARN_CONSTANT_CONVERSION = YES;
				CLANG_WARN_DEPRECATED_OBJC_IMPLEMENTATIONS = YES;
				CLANG_WARN_DIRECT_OBJC_ISA_USAGE = YES_ERROR;
				CLANG_WARN_DOCUMENTATION_COMMENTS = YES;
				CLANG_WARN_EMPTY_BODY = YES;
				CLANG_WARN_ENUM_CONVERSION = YES;
				CLANG_WARN_INFINITE_RECURSION = YES;
				CLANG_WARN_INT_CONVERSION = YES;
				CLANG_WARN_NON_LITERAL_NULL_CONVERSION = YES;
				CLANG_WARN_OBJC_IMPLICIT_RETAIN_SELF = YES;
				CLANG_WARN_OBJC_LITERAL_CONVERSION = YES;
				CLANG_WARN_OBJC_ROOT_CLASS = YES_ERROR;
				CLANG_WARN_RANGE_LOOP_ANALYSIS = YES;
				CLANG_WARN_STRICT_PROTOTYPES = YES;
				CLANG_WARN_SUSPICIOUS_MOVE = YES;
				CLANG_WARN_UNGUARDED_AVAILABILITY = YES_AGGRESSIVE;
				CLANG_WARN_UNREACHABLE_CODE = YES;
				CLANG_WARN__DUPLICATE_METHOD_MATCH = YES;
				CODE_SIGN_IDENTITY = "iPhone Developer";
				COPY_PHASE_STRIP = NO;
				DEBUG_INFORMATION_FORMAT = dwarf;
				ENABLE_STRICT_OBJC_MSGSEND = YES;
				ENABLE_TESTABILITY = YES;
				GCC_C_LANGUAGE_STANDARD = gnu11;
				GCC_DYNAMIC_NO_PIC = NO;
				GCC_NO_COMMON_BLOCKS = YES;
				GCC_OPTIMIZATION_LEVEL = 0;
				GCC_PREPROCESSOR_DEFINITIONS = (
					"DEBUG=1",
					"$(inherited)",
				);
				GCC_WARN_64_TO_32_BIT_CONVERSION = YES;
				GCC_WARN_ABOUT_RETURN_TYPE = YES_ERROR;
				GCC_WARN_UNDECLARED_SELECTOR = YES;
				GCC_WARN_UNINITIALIZED_AUTOS = YES_AGGRESSIVE;
				GCC_WARN_UNUSED_FUNCTION = YES;
				GCC_WARN_UNUSED_VARIABLE = YES;
				IPHONEOS_DEPLOYMENT_TARGET = 11.3;
				MTL_ENABLE_DEBUG_INFO = YES;
				ONLY_ACTIVE_ARCH = YES;
				SDKROOT = iphoneos;
				SWIFT_ACTIVE_COMPILATION_CONDITIONS = DEBUG;
				SWIFT_OPTIMIZATION_LEVEL = "-Onone";
			};
			name = Debug;
		};
		9FC174892085D09000B82B54 /* Release */ = {
			isa = XCBuildConfiguration;
			buildSettings = {
				ALWAYS_SEARCH_USER_PATHS = NO;
				CLANG_ANALYZER_NONNULL = YES;
				CLANG_ANALYZER_NUMBER_OBJECT_CONVERSION = YES_AGGRESSIVE;
				CLANG_CXX_LANGUAGE_STANDARD = "gnu++14";
				CLANG_CXX_LIBRARY = "libc++";
				CLANG_ENABLE_MODULES = YES;
				CLANG_ENABLE_OBJC_ARC = YES;
				CLANG_ENABLE_OBJC_WEAK = YES;
				CLANG_WARN_BLOCK_CAPTURE_AUTORELEASING = YES;
				CLANG_WARN_BOOL_CONVERSION = YES;
				CLANG_WARN_COMMA = YES;
				CLANG_WARN_CONSTANT_CONVERSION = YES;
				CLANG_WARN_DEPRECATED_OBJC_IMPLEMENTATIONS = YES;
				CLANG_WARN_DIRECT_OBJC_ISA_USAGE = YES_ERROR;
				CLANG_WARN_DOCUMENTATION_COMMENTS = YES;
				CLANG_WARN_EMPTY_BODY = YES;
				CLANG_WARN_ENUM_CONVERSION = YES;
				CLANG_WARN_INFINITE_RECURSION = YES;
				CLANG_WARN_INT_CONVERSION = YES;
				CLANG_WARN_NON_LITERAL_NULL_CONVERSION = YES;
				CLANG_WARN_OBJC_IMPLICIT_RETAIN_SELF = YES;
				CLANG_WARN_OBJC_LITERAL_CONVERSION = YES;
				CLANG_WARN_OBJC_ROOT_CLASS = YES_ERROR;
				CLANG_WARN_RANGE_LOOP_ANALYSIS = YES;
				CLANG_WARN_STRICT_PROTOTYPES = YES;
				CLANG_WARN_SUSPICIOUS_MOVE = YES;
				CLANG_WARN_UNGUARDED_AVAILABILITY = YES_AGGRESSIVE;
				CLANG_WARN_UNREACHABLE_CODE = YES;
				CLANG_WARN__DUPLICATE_METHOD_MATCH = YES;
				CODE_SIGN_IDENTITY = "iPhone Developer";
				COPY_PHASE_STRIP = NO;
				DEBUG_INFORMATION_FORMAT = "dwarf-with-dsym";
				ENABLE_NS_ASSERTIONS = NO;
				ENABLE_STRICT_OBJC_MSGSEND = YES;
				GCC_C_LANGUAGE_STANDARD = gnu11;
				GCC_NO_COMMON_BLOCKS = YES;
				GCC_WARN_64_TO_32_BIT_CONVERSION = YES;
				GCC_WARN_ABOUT_RETURN_TYPE = YES_ERROR;
				GCC_WARN_UNDECLARED_SELECTOR = YES;
				GCC_WARN_UNINITIALIZED_AUTOS = YES_AGGRESSIVE;
				GCC_WARN_UNUSED_FUNCTION = YES;
				GCC_WARN_UNUSED_VARIABLE = YES;
				IPHONEOS_DEPLOYMENT_TARGET = 11.3;
				MTL_ENABLE_DEBUG_INFO = NO;
				SDKROOT = iphoneos;
				SWIFT_COMPILATION_MODE = wholemodule;
				SWIFT_OPTIMIZATION_LEVEL = "-O";
				VALIDATE_PRODUCT = YES;
			};
			name = Release;
		};
		9FC1748B2085D09000B82B54 /* Debug */ = {
			isa = XCBuildConfiguration;
			buildSettings = {
				ASSETCATALOG_COMPILER_APPICON_NAME = AppIcon;
				CODE_SIGN_STYLE = Automatic;
				DEVELOPMENT_TEAM = MAY93MPC4K;
				INFOPLIST_FILE = "Adptive Layout/Info.plist";
				LD_RUNPATH_SEARCH_PATHS = (
					"$(inherited)",
					"@executable_path/Frameworks",
				);
				PRODUCT_BUNDLE_IDENTIFIER = "com.hat.exchange.Adptive-Layout";
				PRODUCT_NAME = "$(TARGET_NAME)";
				SWIFT_VERSION = 4.0;
				TARGETED_DEVICE_FAMILY = "1,2";
			};
			name = Debug;
		};
		9FC1748C2085D09000B82B54 /* Release */ = {
			isa = XCBuildConfiguration;
			buildSettings = {
				ASSETCATALOG_COMPILER_APPICON_NAME = AppIcon;
				CODE_SIGN_STYLE = Automatic;
				DEVELOPMENT_TEAM = MAY93MPC4K;
				INFOPLIST_FILE = "Adptive Layout/Info.plist";
				LD_RUNPATH_SEARCH_PATHS = (
					"$(inherited)",
					"@executable_path/Frameworks",
				);
				PRODUCT_BUNDLE_IDENTIFIER = "com.hat.exchange.Adptive-Layout";
				PRODUCT_NAME = "$(TARGET_NAME)";
				SWIFT_VERSION = 4.0;
				TARGETED_DEVICE_FAMILY = "1,2";
			};
			name = Release;
		};
		9FC1748E2085D09000B82B54 /* Debug */ = {
			isa = XCBuildConfiguration;
			buildSettings = {
				ALWAYS_EMBED_SWIFT_STANDARD_LIBRARIES = YES;
				BUNDLE_LOADER = "$(TEST_HOST)";
				CODE_SIGN_STYLE = Automatic;
				DEVELOPMENT_TEAM = MAY93MPC4K;
				INFOPLIST_FILE = "Adptive LayoutTests/Info.plist";
				LD_RUNPATH_SEARCH_PATHS = (
					"$(inherited)",
					"@executable_path/Frameworks",
					"@loader_path/Frameworks",
				);
				PRODUCT_BUNDLE_IDENTIFIER = "com.hat.exchange.Adptive-LayoutTests";
				PRODUCT_NAME = "$(TARGET_NAME)";
				SWIFT_VERSION = 4.0;
				TARGETED_DEVICE_FAMILY = "1,2";
				TEST_HOST = "$(BUILT_PRODUCTS_DIR)/Adptive Layout.app/Adptive Layout";
			};
			name = Debug;
		};
		9FC1748F2085D09000B82B54 /* Release */ = {
			isa = XCBuildConfiguration;
			buildSettings = {
				ALWAYS_EMBED_SWIFT_STANDARD_LIBRARIES = YES;
				BUNDLE_LOADER = "$(TEST_HOST)";
				CODE_SIGN_STYLE = Automatic;
				DEVELOPMENT_TEAM = MAY93MPC4K;
				INFOPLIST_FILE = "Adptive LayoutTests/Info.plist";
				LD_RUNPATH_SEARCH_PATHS = (
					"$(inherited)",
					"@executable_path/Frameworks",
					"@loader_path/Frameworks",
				);
				PRODUCT_BUNDLE_IDENTIFIER = "com.hat.exchange.Adptive-LayoutTests";
				PRODUCT_NAME = "$(TARGET_NAME)";
				SWIFT_VERSION = 4.0;
				TARGETED_DEVICE_FAMILY = "1,2";
				TEST_HOST = "$(BUILT_PRODUCTS_DIR)/Adptive Layout.app/Adptive Layout";
			};
			name = Release;
		};
		9FC174912085D09000B82B54 /* Debug */ = {
			isa = XCBuildConfiguration;
			buildSettings = {
				ALWAYS_EMBED_SWIFT_STANDARD_LIBRARIES = YES;
				CODE_SIGN_STYLE = Automatic;
				DEVELOPMENT_TEAM = MAY93MPC4K;
				INFOPLIST_FILE = "Adptive LayoutUITests/Info.plist";
				LD_RUNPATH_SEARCH_PATHS = (
					"$(inherited)",
					"@executable_path/Frameworks",
					"@loader_path/Frameworks",
				);
				PRODUCT_BUNDLE_IDENTIFIER = "com.hat.exchange.Adptive-LayoutUITests";
				PRODUCT_NAME = "$(TARGET_NAME)";
				SWIFT_VERSION = 4.0;
				TARGETED_DEVICE_FAMILY = "1,2";
				TEST_TARGET_NAME = "Adptive Layout";
			};
			name = Debug;
		};
		9FC174922085D09000B82B54 /* Release */ = {
			isa = XCBuildConfiguration;
			buildSettings = {
				ALWAYS_EMBED_SWIFT_STANDARD_LIBRARIES = YES;
				CODE_SIGN_STYLE = Automatic;
				DEVELOPMENT_TEAM = MAY93MPC4K;
				INFOPLIST_FILE = "Adptive LayoutUITests/Info.plist";
				LD_RUNPATH_SEARCH_PATHS = (
					"$(inherited)",
					"@executable_path/Frameworks",
					"@loader_path/Frameworks",
				);
				PRODUCT_BUNDLE_IDENTIFIER = "com.hat.exchange.Adptive-LayoutUITests";
				PRODUCT_NAME = "$(TARGET_NAME)";
				SWIFT_VERSION = 4.0;
				TARGETED_DEVICE_FAMILY = "1,2";
				TEST_TARGET_NAME = "Adptive Layout";
			};
			name = Release;
		};
/* End XCBuildConfiguration section */

/* Begin XCConfigurationList section */
		9FC1745A2085D08D00B82B54 /* Build configuration list for PBXProject "Adptive Layout" */ = {
			isa = XCConfigurationList;
			buildConfigurations = (
				9FC174882085D09000B82B54 /* Debug */,
				9FC174892085D09000B82B54 /* Release */,
			);
			defaultConfigurationIsVisible = 0;
			defaultConfigurationName = Release;
		};
		9FC1748A2085D09000B82B54 /* Build configuration list for PBXNativeTarget "Adptive Layout" */ = {
			isa = XCConfigurationList;
			buildConfigurations = (
				9FC1748B2085D09000B82B54 /* Debug */,
				9FC1748C2085D09000B82B54 /* Release */,
			);
			defaultConfigurationIsVisible = 0;
			defaultConfigurationName = Release;
		};
		9FC1748D2085D09000B82B54 /* Build configuration list for PBXNativeTarget "Adptive LayoutTests" */ = {
			isa = XCConfigurationList;
			buildConfigurations = (
				9FC1748E2085D09000B82B54 /* Debug */,
				9FC1748F2085D09000B82B54 /* Release */,
			);
			defaultConfigurationIsVisible = 0;
			defaultConfigurationName = Release;
		};
		9FC174902085D09000B82B54 /* Build configuration list for PBXNativeTarget "Adptive LayoutUITests" */ = {
			isa = XCConfigurationList;
			buildConfigurations = (
				9FC174912085D09000B82B54 /* Debug */,
				9FC174922085D09000B82B54 /* Release */,
			);
			defaultConfigurationIsVisible = 0;
			defaultConfigurationName = Release;
		};
/* End XCConfigurationList section */

/* Begin XCVersionGroup section */
		9FC174692085D08D00B82B54 /* Adptive_Layout.xcdatamodeld */ = {
			isa = XCVersionGroup;
			children = (
				9FC1746A2085D08D00B82B54 /* Adptive_Layout.xcdatamodel */,
			);
			currentVersion = 9FC1746A2085D08D00B82B54 /* Adptive_Layout.xcdatamodel */;
			path = Adptive_Layout.xcdatamodeld;
			sourceTree = "<group>";
			versionGroupType = wrapper.xcdatamodel;
		};
/* End XCVersionGroup section */
	};
	rootObject = 9FC174572085D08D00B82B54 /* Project object */;
}
